
Microsoft Visual Studio Solution File, Format Version 12.00
# Visual Studio 2012
Project("{FAE04EC0-301F-11D3-BF4B-00C04F79EFBC}") = "Bugtags.XaTouch", "Bugtags.XaTouch\Bugtags.XaTouch.csproj", "{45A376A7-F7EF-4B8A-9EE4-0B34A56A0899}"
EndProject
Project("{FAE04EC0-301F-11D3-BF4B-00C04F79EFBC}") = "Bugtags.XaTouch.Demo", "Bugtags.XaTouch.Demo\Bugtags.XaTouch.Demo.csproj", "{C64B4886-96B2-48DC-BC6C-34757F4D568A}"
EndProject
Global
	GlobalSection(SolutionConfigurationPlatforms) = preSolution
		Debug|Any CPU = Debug|Any CPU
		Release|Any CPU = Release|Any CPU
		Debug|iPhoneSimulator = Debug|iPhoneSimulator
		Release|iPhone = Release|iPhone
		Release|iPhoneSimulator = Release|iPhoneSimulator
		Debug|iPhone = Debug|iPhone
	EndGlobalSection
	GlobalSection(ProjectConfigurationPlatforms) = postSolution
		{45A376A7-F7EF-4B8A-9EE4-0B34A56A0899}.Debug|Any CPU.ActiveCfg = Debug|Any CPU
		{45A376A7-F7EF-4B8A-9EE4-0B34A56A0899}.Debug|Any CPU.Build.0 = Debug|Any CPU
		{45A376A7-F7EF-4B8A-9EE4-0B34A56A0899}.Release|Any CPU.ActiveCfg = Release|Any CPU
		{45A376A7-F7EF-4B8A-9EE4-0B34A56A0899}.Release|Any CPU.Build.0 = Release|Any CPU
		{45A376A7-F7EF-4B8A-9EE4-0B34A56A0899}.Debug|iPhoneSimulator.ActiveCfg = Debug|Any CPU
		{45A376A7-F7EF-4B8A-9EE4-0B34A56A0899}.Debug|iPhoneSimulator.Build.0 = Debug|Any CPU
		{45A376A7-F7EF-4B8A-9EE4-0B34A56A0899}.Release|iPhone.ActiveCfg = Release|Any CPU
		{45A376A7-F7EF-4B8A-9EE4-0B34A56A0899}.Release|iPhone.Build.0 = Release|Any CPU
		{45A376A7-F7EF-4B8A-9EE4-0B34A56A0899}.Release|iPhoneSimulator.ActiveCfg = Release|Any CPU
		{45A376A7-F7EF-4B8A-9EE4-0B34A56A0899}.Release|iPhoneSimulator.Build.0 = Release|Any CPU
		{45A376A7-F7EF-4B8A-9EE4-0B34A56A0899}.Debug|iPhone.ActiveCfg = Debug|Any CPU
		{45A376A7-F7EF-4B8A-9EE4-0B34A56A0899}.Debug|iPhone.Build.0 = Debug|Any CPU
		{C64B4886-96B2-48DC-BC6C-34757F4D568A}.Debug|Any CPU.ActiveCfg = Debug|iPhoneSimulator
		{C64B4886-96B2-48DC-BC6C-34757F4D568A}.Debug|Any CPU.Build.0 = Debug|iPhoneSimulator
		{C64B4886-96B2-48DC-BC6C-34757F4D568A}.Release|Any CPU.ActiveCfg = Release|iPhone
		{C64B4886-96B2-48DC-BC6C-34757F4D568A}.Release|Any CPU.Build.0 = Release|iPhone
		{C64B4886-96B2-48DC-BC6C-34757F4D568A}.Debug|iPhoneSimulator.ActiveCfg = Debug|iPhoneSimulator
		{C64B4886-96B2-48DC-BC6C-34757F4D568A}.Debug|iPhoneSimulator.Build.0 = Debug|iPhoneSimulator
		{C64B4886-96B2-48DC-BC6C-34757F4D568A}.Release|iPhone.ActiveCfg = Release|iPhone
		{C64B4886-96B2-48DC-BC6C-34757F4D568A}.Release|iPhone.Build.0 = Release|iPhone
		{C64B4886-96B2-48DC-BC6C-34757F4D568A}.Release|iPhoneSimulator.ActiveCfg = Release|iPhoneSimulator
		{C64B4886-96B2-48DC-BC6C-34757F4D568A}.Release|iPhoneSimulator.Build.0 = Release|iPhoneSimulator
		{C64B4886-96B2-48DC-BC6C-34757F4D568A}.Debug|iPhone.ActiveCfg = Debug|iPhone
		{C64B4886-96B2-48DC-BC6C-34757F4D568A}.Debug|iPhone.Build.0 = Debug|iPhone
	EndGlobalSection
EndGlobal
